PODS:
  - FileExplorer (1.0.4)

DEPENDENCIES:
  - FileExplorer (from `./../FileExplorer.podspec.json`)

EXTERNAL SOURCES:
  FileExplorer:
    :path: "./../FileExplorer.podspec.json"

SPEC CHECKSUMS:
  FileExplorer: 9869dc386f080fa7c05083370b07ec0c8a4ced3f

PODFILE CHECKSUM: 37b4ecef3988de17d6108ec0c19c0eba89b544e8

COCOAPODS: 1.12.1
