PODS:
  - FileExplorer (1.0.4)

DEPENDENCIES:
  - FileExplorer (from `./../FileExplorer.podspec.json`)

EXTERNAL SOURCES:
  FileExplorer:
    :path: "./../FileExplorer.podspec.json"

SPEC CHECKSUMS:
  FileExplorer: 2dfd8912bd1dc6b45f9be59165bba0b04b17ad59

PODFILE CHECKSUM: 294165705954ac7af3c40a005d96a66b6f7406fe

COCOAPODS: 1.12.1
