PODS:
  - FileExplorer (1.0.4)

DEPENDENCIES:
  - FileExplorer (from `./../FileExplorer.podspec.json`)

EXTERNAL SOURCES:
  FileExplorer:
    :path: "./../FileExplorer.podspec.json"

SPEC CHECKSUMS:
  FileExplorer: 9869dc386f080fa7c05083370b07ec0c8a4ced3f

PODFILE CHECKSUM: 294165705954ac7af3c40a005d96a66b6f7406fe

COCOAPODS: 1.12.1
