PODS:
  - FBSnapshotTestCase (2.1.4):
    - FBSnapshotTestCase/SwiftSupport (= 2.1.4)
  - FBSnapshotTestCase/Core (2.1.4)
  - FBSnapshotTestCase/SwiftSupport (2.1.4):
    - FBSnapshotTestCase/Core

DEPENDENCIES:
  - FBSnapshotTestCase (~> 2.1.4)

SPEC REPOS:
  trunk:
    - FBSnapshotTestCase

SPEC CHECKSUMS:
  FBSnapshotTestCase: 094f9f314decbabe373b87cc339bea235a63e07a

PODFILE CHECKSUM: cea586256f590ddc397e0ea0a425a40f36389ee1

COCOAPODS: 1.12.1
